
Microsoft Visual Studio Solution File, Format Version 12.00
# Visual Studio 15
VisualStudioVersion = 15.0.26124.0
MinimumVisualStudioVersion = 15.0.26124.0
Project("{FAE04EC0-301F-11D3-BF4B-00C04F79EFBC}") = "AspNetMvc5Ef6", "AspNetMvc5Ef6.csproj", "{BAF048DD-2A1C-411E-A7E5-6E182A228F09}"
EndProject
Global
	GlobalSection(SolutionConfigurationPlatforms) = preSolution
		Debug|Any CPU = Debug|Any CPU
		Debug|x64 = Debug|x64
		Debug|x86 = Debug|x86
		Release|Any CPU = Release|Any CPU
		Release|x64 = Release|x64
		Release|x86 = Release|x86
	EndGlobalSection
	GlobalSection(ProjectConfigurationPlatforms) = postSolution
		{BAF048DD-2A1C-411E-A7E5-6E182A228F09}.Debug|Any CPU.ActiveCfg = Debug|Any CPU
		{BAF048DD-2A1C-411E-A7E5-6E182A228F09}.Debug|Any CPU.Build.0 = Debug|Any CPU
		{BAF048DD-2A1C-411E-A7E5-6E182A228F09}.Debug|x64.ActiveCfg = Debug|Any CPU
		{BAF048DD-2A1C-411E-A7E5-6E182A228F09}.Debug|x64.Build.0 = Debug|Any CPU
		{BAF048DD-2A1C-411E-A7E5-6E182A228F09}.Debug|x86.ActiveCfg = Debug|Any CPU
		{BAF048DD-2A1C-411E-A7E5-6E182A228F09}.Debug|x86.Build.0 = Debug|Any CPU
		{BAF048DD-2A1C-411E-A7E5-6E182A228F09}.Release|Any CPU.ActiveCfg = Release|Any CPU
		{BAF048DD-2A1C-411E-A7E5-6E182A228F09}.Release|Any CPU.Build.0 = Release|Any CPU
		{BAF048DD-2A1C-411E-A7E5-6E182A228F09}.Release|x64.ActiveCfg = Release|Any CPU
		{BAF048DD-2A1C-411E-A7E5-6E182A228F09}.Release|x64.Build.0 = Release|Any CPU
		{BAF048DD-2A1C-411E-A7E5-6E182A228F09}.Release|x86.ActiveCfg = Release|Any CPU
		{BAF048DD-2A1C-411E-A7E5-6E182A228F09}.Release|x86.Build.0 = Release|Any CPU
	EndGlobalSection
	GlobalSection(SolutionProperties) = preSolution
		HideSolutionNode = FALSE
	EndGlobalSection
	GlobalSection(ExtensibilityGlobals) = postSolution
		SolutionGuid = {04EDC6CE-4C5C-46F1-86BA-2CFE2EAC2CD0}
	EndGlobalSection
EndGlobal
