PODS:
  - KSCrash/Core (1.15.11):
    - KSCrash/Reporting/Filters/Basic
  - KSCrash/Recording (1.15.11):
    - KSCrash/Recording/Tools (= 1.15.11)
  - KSCrash/Recording/Tools (1.15.11)
  - KSCrash/Reporting/Filters/Base (1.15.11):
    - KSCrash/Recording
  - KSCrash/Reporting/Filters/Basic (1.15.11):
    - KSCrash/Recording
    - KSCrash/Reporting/Filters/Base
  - Sentry/Core (3.1.3)
  - Sentry/KSCrash (3.1.3):
    - KSCrash/Core (~> 1.15.11)

DEPENDENCIES:
  - Sentry/Core (from `~/Projects/sentry-cocoa`)
  - Sentry/KSCrash (from `~/Projects/sentry-cocoa`)

EXTERNAL SOURCES:
  Sentry:
    :path: "~/Projects/sentry-cocoa"

SPEC CHECKSUMS:
  KSCrash: 7bd106ca4a2247774deeeb587c740ce0207de8f3
  Sentry: 851ed834d5b4bacbab9d854aa8642f20e2845e44

PODFILE CHECKSUM: d81374719d10687ca9dced32bed6ca1358a20e41

COCOAPODS: 1.2.1
