PODS:
  - Sentry (4.4.0):
    - Sentry/Core (= 4.4.0)
  - Sentry/Core (4.4.0)

DEPENDENCIES:
  - Sentry

SPEC REPOS:
  https://github.com/cocoapods/specs.git:
    - Sentry

SPEC CHECKSUMS:
  Sentry: 26650184fe71eb7476dfd2737acb5ea6cc64b4b1

PODFILE CHECKSUM: ba4a889261e71d232a54c5be14414f523fe8c333

COCOAPODS: 1.7.5
